<?xml version="1.0" encoding="utf-8"?>
<Project ToolsVersion="4.0" xmlns="http://schemas.microsoft.com/developer/msbuild/2003">
  <ItemGroup>
    <Filter Include="Source Files">
      <UniqueIdentifier>{f5527119-30a5-45f0-9adc-000c9f750761}</UniqueIdentifier>
      <Extensions>cpp;c;cxx;rc;def;r;odl;idl;hpj;bat</Extensions>
    </Filter>
    <Filter Include="Ini Files">
      <UniqueIdentifier>{299fc422-fbb6-4089-a709-041a61deaedb}</UniqueIdentifier>
    </Filter>
    <Filter Include="Image Files">
      <UniqueIdentifier>{4e3245b6-12a1-4be9-b13e-46fedd6a8b84}</UniqueIdentifier>
    </Filter>
  </ItemGroup>
  <ItemGroup>
    <ResourceCompile Include="VisualStudio2012.rc">
      <Filter>Source Files</Filter>
    </ResourceCompile>
  </ItemGroup>
  <ItemGroup>
    <None Include="VisualStudio2012Dark.ini">
      <Filter>Ini Files</Filter>
    </None>
    <None Include="VisualStudio2012Light.ini">
      <Filter>Ini Files</Filter>
    </None>
  </ItemGroup>
</Project>