<?xml version="1.0" encoding="utf-8"?>
<Project ToolsVersion="4.0" xmlns="http://schemas.microsoft.com/developer/msbuild/2003">
  <ItemGroup>
    <ClCompile Include="ArchiveProgressDialog.cpp">
      <Filter>Source Files</Filter>
    </ClCompile>
    <ClCompile Include="ArchiveListDialog.cpp">
      <Filter>Source Files</Filter>
    </ClCompile>
    <ClCompile Include="ArchiveNameDlg.cpp">
      <Filter>Source Files</Filter>
    </ClCompile>
    <ClCompile Include="AnalyzePane.cpp">
      <Filter>Source Files</Filter>
    </ClCompile>
    <ClCompile Include="AboutDlg.cpp">
      <Filter>Source Files</Filter>
    </ClCompile>
    <ClCompile Include="ASCIIDlg.cpp">
      <Filter>Source Files</Filter>
    </ClCompile>
    <ClCompile Include="AskTextDlg.cpp">
      <Filter>Source Files</Filter>
    </ClCompile>
    <ClCompile Include="AttributeEditor.cpp">
      <Filter>Source Files</Filter>
    </ClCompile>
    <ClCompile Include="BrowserDoc.cpp">
      <Filter>Source Files</Filter>
    </ClCompile>
    <ClCompile Include="BrowserView.cpp">
      <Filter>Source Files</Filter>
    </ClCompile>
    <ClCompile Include="ChildFrm.cpp">
      <Filter>Source Files</Filter>
    </ClCompile>
    <ClCompile Include="CntrItem.cpp">
      <Filter>Source Files</Filter>
    </ClCompile>
    <ClCompile Include="CustomMsgDlg.cpp">
      <Filter>Source Files</Filter>
    </ClCompile>
    <ClCompile Include="DictionaryDlg.cpp">
      <Filter>Source Files</Filter>
    </ClCompile>
    <ClCompile Include="DockingPaneManager.cpp">
      <Filter>Source Files</Filter>
    </ClCompile>
    <ClCompile Include="DoubleGripperTheme.cpp">
      <Filter>Source Files</Filter>
    </ClCompile>
    <ClCompile Include="EditCR.cpp">
      <Filter>Source Files</Filter>
    </ClCompile>
    <ClCompile Include="EditListCtrl.cpp">
      <Filter>Source Files</Filter>
    </ClCompile>
    <ClCompile Include="EmailDlg.cpp">
      <Filter>Source Files</Filter>
    </ClCompile>
    <ClCompile Include="FileCharViewerDlg.cpp">
      <Filter>Source Files</Filter>
    </ClCompile>
    <ClCompile Include="FindDlg.cpp">
      <Filter>Source Files</Filter>
    </ClCompile>
    <ClCompile Include="FindPane.cpp">
      <Filter>Source Files</Filter>
    </ClCompile>
    <ClCompile Include="FindPane2.cpp">
      <Filter>Source Files</Filter>
    </ClCompile>
    <ClCompile Include="FTPclient.cpp">
      <Filter>Source Files</Filter>
    </ClCompile>
    <ClCompile Include="GrammarConceptDlg.cpp">
      <Filter>Source Files</Filter>
    </ClCompile>
    <ClCompile Include="HexEditDlg.cpp">
      <Filter>Source Files</Filter>
    </ClCompile>
    <ClCompile Include="InPlaceEdit.cpp">
      <Filter>Source Files</Filter>
    </ClCompile>
    <ClCompile Include="kb.cpp">
      <Filter>Source Files</Filter>
    </ClCompile>
    <ClCompile Include="KnowledgeDoc.cpp">
      <Filter>Source Files</Filter>
    </ClCompile>
    <ClCompile Include="KnowledgeView.cpp">
      <Filter>Source Files</Filter>
    </ClCompile>
    <ClCompile Include="ListCtrlWMenu.cpp">
      <Filter>Source Files</Filter>
    </ClCompile>
    <ClCompile Include="ListCtrlF.cpp">
      <Filter>Source Files</Filter>
    </ClCompile>
    <ClCompile Include="ListCtrlWMenuLog.cpp">
      <Filter>Source Files</Filter>
    </ClCompile>
    <ClCompile Include="LogPane.cpp">
      <Filter>Source Files</Filter>
    </ClCompile>
    <ClCompile Include="MailMessage.cpp">
      <Filter>Source Files</Filter>
    </ClCompile>
    <ClCompile Include="MainFrm.cpp">
      <Filter>Source Files</Filter>
    </ClCompile>
    <ClCompile Include="MarkSampleDlg.cpp">
      <Filter>Source Files</Filter>
    </ClCompile>
    <ClCompile Include="NewAnalyzerDialog.cpp">
      <Filter>Source Files</Filter>
    </ClCompile>
    <ClCompile Include="OutputBarEdit.cpp">
      <Filter>Source Files</Filter>
    </ClCompile>
    <ClCompile Include="OutputItemDlg.cpp">
      <Filter>Source Files</Filter>
    </ClCompile>
    <ClCompile Include="OutputBarTree.cpp">
      <Filter>Source Files</Filter>
    </ClCompile>
    <ClCompile Include="PaneView.cpp">
      <Filter>Source Files</Filter>
    </ClCompile>
    <ClCompile Include="ParseTreeDoc.cpp">
      <Filter>Source Files</Filter>
    </ClCompile>
    <ClCompile Include="ParseTreeView.cpp">
      <Filter>Source Files</Filter>
    </ClCompile>
    <ClCompile Include="PassPropertiesDlg.cpp">
      <Filter>Source Files</Filter>
    </ClCompile>
    <ClCompile Include="PrefAnalyzerDependent.cpp">
      <Filter>Source Files</Filter>
    </ClCompile>
    <ClCompile Include="PhrasesDlg.cpp">
      <Filter>Source Files</Filter>
    </ClCompile>
    <ClCompile Include="PrefArchivePage.cpp">
      <Filter>Source Files</Filter>
    </ClCompile>
    <ClCompile Include="PrefDisplayPage.cpp">
      <Filter>Source Files</Filter>
    </ClCompile>
    <ClCompile Include="PrefEmailPage.cpp">
      <Filter>Source Files</Filter>
    </ClCompile>
    <ClCompile Include="PrefGeneralPage.cpp">
      <Filter>Source Files</Filter>
    </ClCompile>
    <ClCompile Include="PrefLookupPage.cpp">
      <Filter>Source Files</Filter>
    </ClCompile>
    <ClCompile Include="RecordProperties.cpp">
      <Filter>Source Files</Filter>
    </ClCompile>
    <ClCompile Include="RegistrationDlg.cpp">
      <Filter>Source Files</Filter>
    </ClCompile>
    <ClCompile Include="ReplaceInFilesDlg.cpp">
      <Filter>Source Files</Filter>
    </ClCompile>
    <ClCompile Include="SemPopup.cpp">
      <Filter>Source Files</Filter>
    </ClCompile>
    <ClCompile Include="SemPopupDlg.cpp">
      <Filter>Source Files</Filter>
    </ClCompile>
    <ClCompile Include="SlotDlg.cpp">
      <Filter>Source Files</Filter>
    </ClCompile>
    <ClCompile Include="SMTP.cpp">
      <Filter>Source Files</Filter>
    </ClCompile>
    <ClCompile Include="SplashDlg.cpp">
      <Filter>Source Files</Filter>
    </ClCompile>
    <ClCompile Include="Undo.cpp">
      <Filter>Source Files</Filter>
    </ClCompile>
    <ClCompile Include="TreeChooseDlg.cpp">
      <Filter>Source Files</Filter>
    </ClCompile>
    <ClCompile Include="TreeViewAnalyzer.cpp">
      <Filter>Source Files</Filter>
    </ClCompile>
    <ClCompile Include="TreeViewGrammar.cpp">
      <Filter>Source Files</Filter>
    </ClCompile>
    <ClCompile Include="TreeViewOutput.cpp">
      <Filter>Source Files</Filter>
    </ClCompile>
    <ClCompile Include="TreeviewText.cpp">
      <Filter>Source Files</Filter>
    </ClCompile>
    <ClCompile Include="TextInfoDlg.cpp">
      <Filter>Source Files</Filter>
    </ClCompile>
    <ClCompile Include="TextEditView.cpp">
      <Filter>Source Files</Filter>
    </ClCompile>
    <ClCompile Include="TextEditDoc.cpp">
      <Filter>Source Files</Filter>
    </ClCompile>
    <ClCompile Include="SyntaxEditorView.cpp">
      <Filter>Source Files</Filter>
    </ClCompile>
    <ClCompile Include="SyntaxEditorDoc.cpp">
      <Filter>Source Files</Filter>
    </ClCompile>
    <ClCompile Include="UserLogFile.cpp">
      <Filter>Source Files</Filter>
    </ClCompile>
    <ClCompile Include="Utils.cpp">
      <Filter>Source Files</Filter>
    </ClCompile>
    <ClCompile Include="VisualText.cpp">
      <Filter>Source Files</Filter>
    </ClCompile>
    <ClCompile Include="VisualTextDoc.cpp">
      <Filter>Source Files</Filter>
    </ClCompile>
    <ClCompile Include="VisualTextPreferences.cpp">
      <Filter>Source Files</Filter>
    </ClCompile>
    <ClCompile Include="VisualTextView.cpp">
      <Filter>Source Files</Filter>
    </ClCompile>
    <ClCompile Include="VTTreeCtrl.cpp">
      <Filter>Source Files</Filter>
    </ClCompile>
    <ClCompile Include="WatchBarList.cpp">
      <Filter>Source Files</Filter>
    </ClCompile>
    <ClCompile Include="XUnzip.cpp">
      <Filter>Source Files</Filter>
    </ClCompile>
    <ClCompile Include="StdAfx.cpp">
      <Filter>Source Files</Filter>
    </ClCompile>
    <ClCompile Include="XZip.cpp">
      <Filter>Source Files</Filter>
    </ClCompile>
  </ItemGroup>
  <ItemGroup>
    <ClInclude Include="ArchiveNameDlg.h">
      <Filter>Header Files</Filter>
    </ClInclude>
    <ClInclude Include="ArchiveListDialog.h">
      <Filter>Header Files</Filter>
    </ClInclude>
    <ClInclude Include="AnalyzePane.h">
      <Filter>Header Files</Filter>
    </ClInclude>
    <ClInclude Include="AboutDlg.h">
      <Filter>Header Files</Filter>
    </ClInclude>
    <ClInclude Include="ArchiveProgressDialog.h">
      <Filter>Header Files</Filter>
    </ClInclude>
    <ClInclude Include="ASCIIDlg.h">
      <Filter>Header Files</Filter>
    </ClInclude>
    <ClInclude Include="AskTextDlg.h">
      <Filter>Header Files</Filter>
    </ClInclude>
    <ClInclude Include="AttributeEditor.h">
      <Filter>Header Files</Filter>
    </ClInclude>
    <ClInclude Include="BrowserDoc.h">
      <Filter>Header Files</Filter>
    </ClInclude>
    <ClInclude Include="BrowserView.h">
      <Filter>Header Files</Filter>
    </ClInclude>
    <ClInclude Include="ChildFrm.h">
      <Filter>Header Files</Filter>
    </ClInclude>
    <ClInclude Include="CntrItem.h">
      <Filter>Header Files</Filter>
    </ClInclude>
    <ClInclude Include="FTPclient.h">
      <Filter>Header Files</Filter>
    </ClInclude>
    <ClInclude Include="FindPane2.h">
      <Filter>Header Files</Filter>
    </ClInclude>
    <ClInclude Include="FindPane.h">
      <Filter>Header Files</Filter>
    </ClInclude>
    <ClInclude Include="FindDlg.h">
      <Filter>Header Files</Filter>
    </ClInclude>
    <ClInclude Include="FileCharViewerDlg.h">
      <Filter>Header Files</Filter>
    </ClInclude>
    <ClInclude Include="EmailDlg.h">
      <Filter>Header Files</Filter>
    </ClInclude>
    <ClInclude Include="EditListCtrl.h">
      <Filter>Header Files</Filter>
    </ClInclude>
    <ClInclude Include="EditCR.h">
      <Filter>Header Files</Filter>
    </ClInclude>
    <ClInclude Include="CustomMsgDlg.h">
      <Filter>Header Files</Filter>
    </ClInclude>
    <ClInclude Include="DictionaryDlg.h">
      <Filter>Header Files</Filter>
    </ClInclude>
    <ClInclude Include="DockingPaneManager.h">
      <Filter>Header Files</Filter>
    </ClInclude>
    <ClInclude Include="InPlaceEdit.h">
      <Filter>Header Files</Filter>
    </ClInclude>
    <ClInclude Include="ioapi.h">
      <Filter>Header Files</Filter>
    </ClInclude>
    <ClInclude Include="ItemInfo.h">
      <Filter>Header Files</Filter>
    </ClInclude>
    <ClInclude Include="HexEditDlg.h">
      <Filter>Header Files</Filter>
    </ClInclude>
    <ClInclude Include="GrammarConceptDlg.h">
      <Filter>Header Files</Filter>
    </ClInclude>
    <ClInclude Include="DoubleGripperTheme.h">
      <Filter>Header Files</Filter>
    </ClInclude>
    <ClInclude Include="kb.h">
      <Filter>Header Files</Filter>
    </ClInclude>
    <ClInclude Include="KnowledgeDoc.h">
      <Filter>Header Files</Filter>
    </ClInclude>
    <ClInclude Include="KnowledgeView.h">
      <Filter>Header Files</Filter>
    </ClInclude>
    <ClInclude Include="ListCtrlF.h">
      <Filter>Header Files</Filter>
    </ClInclude>
    <ClInclude Include="ListCtrlWMenu.h">
      <Filter>Header Files</Filter>
    </ClInclude>
    <ClInclude Include="ListCtrlWMenuLog.h">
      <Filter>Header Files</Filter>
    </ClInclude>
    <ClInclude Include="LogPane.h">
      <Filter>Header Files</Filter>
    </ClInclude>
    <ClInclude Include="MailMessage.h">
      <Filter>Header Files</Filter>
    </ClInclude>
    <ClInclude Include="MainFrm.h">
      <Filter>Header Files</Filter>
    </ClInclude>
    <ClInclude Include="MarkSampleDlg.h">
      <Filter>Header Files</Filter>
    </ClInclude>
    <ClInclude Include="NewAnalyzerDialog.h">
      <Filter>Header Files</Filter>
    </ClInclude>
    <ClInclude Include="NLPStrs.h">
      <Filter>Header Files</Filter>
    </ClInclude>
    <ClInclude Include="OutputBarEdit.h">
      <Filter>Header Files</Filter>
    </ClInclude>
    <ClInclude Include="OutputBarTree.h">
      <Filter>Header Files</Filter>
    </ClInclude>
    <ClInclude Include="OutputItemDlg.h">
      <Filter>Header Files</Filter>
    </ClInclude>
    <ClInclude Include="PaneView.h">
      <Filter>Header Files</Filter>
    </ClInclude>
    <ClInclude Include="ParseTreeDoc.h">
      <Filter>Header Files</Filter>
    </ClInclude>
    <ClInclude Include="ParseTreeView.h">
      <Filter>Header Files</Filter>
    </ClInclude>
    <ClInclude Include="ParseTreeItemInfo.h">
      <Filter>Header Files</Filter>
    </ClInclude>
    <ClInclude Include="PassPropertiesDlg.h">
      <Filter>Header Files</Filter>
    </ClInclude>
    <ClInclude Include="PhrasesDlg.h">
      <Filter>Header Files</Filter>
    </ClInclude>
    <ClInclude Include="PrefAnalyzerDependent.h">
      <Filter>Header Files</Filter>
    </ClInclude>
    <ClInclude Include="PrefArchivePage.h">
      <Filter>Header Files</Filter>
    </ClInclude>
    <ClInclude Include="PrefDisplayPage.h">
      <Filter>Header Files</Filter>
    </ClInclude>
    <ClInclude Include="PrefEmailPage.h">
      <Filter>Header Files</Filter>
    </ClInclude>
    <ClInclude Include="PrefGeneralPage.h">
      <Filter>Header Files</Filter>
    </ClInclude>
    <ClInclude Include="PrefLookupPage.h">
      <Filter>Header Files</Filter>
    </ClInclude>
    <ClInclude Include="RecordProperties.h">
      <Filter>Header Files</Filter>
    </ClInclude>
    <ClInclude Include="RegistrationDlg.h">
      <Filter>Header Files</Filter>
    </ClInclude>
    <ClInclude Include="ReplaceInFilesDlg.h">
      <Filter>Header Files</Filter>
    </ClInclude>
    <ClInclude Include="Resource.h">
      <Filter>Header Files</Filter>
    </ClInclude>
    <ClInclude Include="SemPopup.h">
      <Filter>Header Files</Filter>
    </ClInclude>
    <ClInclude Include="SemPopupDlg.h">
      <Filter>Header Files</Filter>
    </ClInclude>
    <ClInclude Include="SlotDlg.h">
      <Filter>Header Files</Filter>
    </ClInclude>
    <ClInclude Include="SMTP.h">
      <Filter>Header Files</Filter>
    </ClInclude>
    <ClInclude Include="SplashDlg.h">
      <Filter>Header Files</Filter>
    </ClInclude>
    <ClInclude Include="StdAfx.h">
      <Filter>Header Files</Filter>
    </ClInclude>
    <ClInclude Include="SyntaxEditorDoc.h">
      <Filter>Header Files</Filter>
    </ClInclude>
    <ClInclude Include="TextEditView.h">
      <Filter>Header Files</Filter>
    </ClInclude>
    <ClInclude Include="TextEditDoc.h">
      <Filter>Header Files</Filter>
    </ClInclude>
    <ClInclude Include="TextInfoDlg.h">
      <Filter>Header Files</Filter>
    </ClInclude>
    <ClInclude Include="TreeChooseDlg.h">
      <Filter>Header Files</Filter>
    </ClInclude>
    <ClInclude Include="TreeViewAnalyzer.h">
      <Filter>Header Files</Filter>
    </ClInclude>
    <ClInclude Include="TreeViewGrammar.h">
      <Filter>Header Files</Filter>
    </ClInclude>
    <ClInclude Include="TreeViewOutput.h">
      <Filter>Header Files</Filter>
    </ClInclude>
    <ClInclude Include="TreeviewText.h">
      <Filter>Header Files</Filter>
    </ClInclude>
    <ClInclude Include="Undo.h">
      <Filter>Header Files</Filter>
    </ClInclude>
    <ClInclude Include="SyntaxEditorView.h">
      <Filter>Header Files</Filter>
    </ClInclude>
    <ClInclude Include="UserLogFile.h">
      <Filter>Header Files</Filter>
    </ClInclude>
    <ClInclude Include="Utils.h">
      <Filter>Header Files</Filter>
    </ClInclude>
    <ClInclude Include="VisualText.h">
      <Filter>Header Files</Filter>
    </ClInclude>
    <ClInclude Include="VisualTextDoc.h">
      <Filter>Header Files</Filter>
    </ClInclude>
    <ClInclude Include="VisualTextView.h">
      <Filter>Header Files</Filter>
    </ClInclude>
    <ClInclude Include="VTTreeCtrl.h">
      <Filter>Header Files</Filter>
    </ClInclude>
    <ClInclude Include="WatchBarList.h">
      <Filter>Header Files</Filter>
    </ClInclude>
    <ClInclude Include="VisualTextPreferences.h">
      <Filter>Header Files</Filter>
    </ClInclude>
    <ClInclude Include="XUnzip.h">
      <Filter>Header Files</Filter>
    </ClInclude>
    <ClInclude Include="XZip.h">
      <Filter>Header Files</Filter>
    </ClInclude>
  </ItemGroup>
  <ItemGroup>
    <Image Include="res\atl.bmp">
      <Filter>Resource Files</Filter>
    </Image>
    <Image Include="res\attkbd.bmp">
      <Filter>Resource Files</Filter>
    </Image>
    <Image Include="res\attkbf.bmp">
      <Filter>Resource Files</Filter>
    </Image>
    <Image Include="res\attkbu.bmp">
      <Filter>Resource Files</Filter>
    </Image>
    <Image Include="res\attkbx.bmp">
      <Filter>Resource Files</Filter>
    </Image>
    <Image Include="res\attnextd.bmp">
      <Filter>Resource Files</Filter>
    </Image>
    <Image Include="res\attnextf.bmp">
      <Filter>Resource Files</Filter>
    </Image>
    <Image Include="res\attnextu.bmp">
      <Filter>Resource Files</Filter>
    </Image>
    <Image Include="res\attnextx.bmp">
      <Filter>Resource Files</Filter>
    </Image>
    <Image Include="res\attprevd.bmp">
      <Filter>Resource Files</Filter>
    </Image>
    <Image Include="res\attprevf.bmp">
      <Filter>Resource Files</Filter>
    </Image>
    <Image Include="res\attprevu.bmp">
      <Filter>Resource Files</Filter>
    </Image>
    <Image Include="res\attprevx.bmp">
      <Filter>Resource Files</Filter>
    </Image>
    <Image Include="res\attr_del.bmp">
      <Filter>Resource Files</Filter>
    </Image>
    <Image Include="res\attr_dow.bmp">
      <Filter>Resource Files</Filter>
    </Image>
    <Image Include="res\attr_loo.bmp">
      <Filter>Resource Files</Filter>
    </Image>
    <Image Include="res\attr_upd.bmp">
      <Filter>Resource Files</Filter>
    </Image>
    <Image Include="res\attr_upf.bmp">
      <Filter>Resource Files</Filter>
    </Image>
    <Image Include="res\attr_upu.bmp">
      <Filter>Resource Files</Filter>
    </Image>
    <Image Include="res\attr_upx.bmp">
      <Filter>Resource Files</Filter>
    </Image>
    <Image Include="res\attribut.bmp">
      <Filter>Resource Files</Filter>
    </Image>
    <Image Include="res\analyzer.bmp">
      <Filter>Resource Files</Filter>
    </Image>
    <Image Include="res\bitmap1.bmp">
      <Filter>Resource Files</Filter>
    </Image>
    <Image Include="res\bitmap2.bmp">
      <Filter>Resource Files</Filter>
    </Image>
    <Image Include="res\bmp00001.bmp">
      <Filter>Resource Files</Filter>
    </Image>
    <Image Include="res\bmp00002.bmp">
      <Filter>Resource Files</Filter>
    </Image>
    <Image Include="res\bmp00003.bmp">
      <Filter>Resource Files</Filter>
    </Image>
    <Image Include="res\bmp00004.bmp">
      <Filter>Resource Files</Filter>
    </Image>
    <Image Include="res\bmp00005.bmp">
      <Filter>Resource Files</Filter>
    </Image>
    <Image Include="res\bmp00006.bmp">
      <Filter>Resource Files</Filter>
    </Image>
    <Image Include="res\bmp00007.bmp">
      <Filter>Resource Files</Filter>
    </Image>
    <Image Include="res\bmp00008.bmp">
      <Filter>Resource Files</Filter>
    </Image>
    <Image Include="res\bmp00009.bmp">
      <Filter>Resource Files</Filter>
    </Image>
    <Image Include="res\bmp00010.bmp">
      <Filter>Resource Files</Filter>
    </Image>
    <Image Include="res\bmp00011.bmp">
      <Filter>Resource Files</Filter>
    </Image>
    <Image Include="res\bmp00012.bmp">
      <Filter>Resource Files</Filter>
    </Image>
    <Image Include="res\bmp00013.bmp">
      <Filter>Resource Files</Filter>
    </Image>
    <Image Include="res\bmp00014.bmp">
      <Filter>Resource Files</Filter>
    </Image>
    <Image Include="res\bmp00015.bmp">
      <Filter>Resource Files</Filter>
    </Image>
    <Image Include="res\bmp00016.bmp">
      <Filter>Resource Files</Filter>
    </Image>
    <Image Include="res\bmp00017.bmp">
      <Filter>Resource Files</Filter>
    </Image>
    <Image Include="res\bmp00018.bmp">
      <Filter>Resource Files</Filter>
    </Image>
    <Image Include="res\bmp00019.bmp">
      <Filter>Resource Files</Filter>
    </Image>
    <Image Include="res\bmp00020.bmp">
      <Filter>Resource Files</Filter>
    </Image>
    <Image Include="res\bmp00021.bmp">
      <Filter>Resource Files</Filter>
    </Image>
    <Image Include="res\bmp00022.bmp">
      <Filter>Resource Files</Filter>
    </Image>
    <Image Include="res\bmp00023.bmp">
      <Filter>Resource Files</Filter>
    </Image>
    <Image Include="res\bmp00024.bmp">
      <Filter>Resource Files</Filter>
    </Image>
    <Image Include="res\bmp00025.bmp">
      <Filter>Resource Files</Filter>
    </Image>
    <Image Include="res\bmp00026.bmp">
      <Filter>Resource Files</Filter>
    </Image>
    <Image Include="res\bmp00027.bmp">
      <Filter>Resource Files</Filter>
    </Image>
    <Image Include="res\bmp00028.bmp">
      <Filter>Resource Files</Filter>
    </Image>
    <Image Include="res\bmp00029.bmp">
      <Filter>Resource Files</Filter>
    </Image>
    <Image Include="res\bmp00030.bmp">
      <Filter>Resource Files</Filter>
    </Image>
    <Image Include="res\bmp00031.bmp">
      <Filter>Resource Files</Filter>
    </Image>
    <Image Include="res\bmp00032.bmp">
      <Filter>Resource Files</Filter>
    </Image>
    <Image Include="res\bmp00033.bmp">
      <Filter>Resource Files</Filter>
    </Image>
    <Image Include="res\bmp00034.bmp">
      <Filter>Resource Files</Filter>
    </Image>
    <Image Include="res\bmp00035.bmp">
      <Filter>Resource Files</Filter>
    </Image>
    <Image Include="res\bmp00036.bmp">
      <Filter>Resource Files</Filter>
    </Image>
    <Image Include="res\bmp00037.bmp">
      <Filter>Resource Files</Filter>
    </Image>
    <Image Include="res\AttributeEditorIcons.bmp">
      <Filter>Resource Files</Filter>
    </Image>
    <Image Include="res\browser.bmp">
      <Filter>Resource Files</Filter>
    </Image>
    <Image Include="res\browse.bmp">
      <Filter>Resource Files</Filter>
    </Image>
    <Image Include="res\build.bmp">
      <Filter>Resource Files</Filter>
    </Image>
    <Image Include="res\dbase.bmp">
      <Filter>Resource Files</Filter>
    </Image>
    <Image Include="res\debug.bmp">
      <Filter>Resource Files</Filter>
    </Image>
    <Image Include="res\debug_to.bmp">
      <Filter>Resource Files</Filter>
    </Image>
    <Image Include="res\downd.bmp">
      <Filter>Resource Files</Filter>
    </Image>
    <Image Include="res\downf.bmp">
      <Filter>Resource Files</Filter>
    </Image>
    <Image Include="res\downx.bmp">
      <Filter>Resource Files</Filter>
    </Image>
    <Image Include="res\drag_upd.bmp">
      <Filter>Resource Files</Filter>
    </Image>
    <Image Include="res\drag_upf.bmp">
      <Filter>Resource Files</Filter>
    </Image>
    <Image Include="res\drag_upx.bmp">
      <Filter>Resource Files</Filter>
    </Image>
    <Image Include="res\edit.bmp">
      <Filter>Resource Files</Filter>
    </Image>
    <Image Include="res\ico00001.ico">
      <Filter>Resource Files</Filter>
    </Image>
    <Image Include="res\ico00002.ico">
      <Filter>Resource Files</Filter>
    </Image>
    <Image Include="res\ico00003.ico">
      <Filter>Resource Files</Filter>
    </Image>
    <Image Include="res\ico00004.ico">
      <Filter>Resource Files</Filter>
    </Image>
    <Image Include="res\ico00005.ico">
      <Filter>Resource Files</Filter>
    </Image>
    <Image Include="res\ico00006.ico">
      <Filter>Resource Files</Filter>
    </Image>
    <Image Include="res\ico00011.ico">
      <Filter>Resource Files</Filter>
    </Image>
    <Image Include="res\ico00012.ico">
      <Filter>Resource Files</Filter>
    </Image>
    <Image Include="res\ico00013.ico">
      <Filter>Resource Files</Filter>
    </Image>
    <Image Include="res\ico00017.ico">
      <Filter>Resource Files</Filter>
    </Image>
    <Image Include="res\ico00018.ico">
      <Filter>Resource Files</Filter>
    </Image>
    <Image Include="res\icon1.ico">
      <Filter>Resource Files</Filter>
    </Image>
    <Image Include="res\icon00002.ico">
      <Filter>Resource Files</Filter>
    </Image>
    <Image Include="res\icon2.ico">
      <Filter>Resource Files</Filter>
    </Image>
    <Image Include="res\icon00004.ico">
      <Filter>Resource Files</Filter>
    </Image>
    <Image Include="res\icon00006.ico">
      <Filter>Resource Files</Filter>
    </Image>
    <Image Include="res\icon00012.ico">
      <Filter>Resource Files</Filter>
    </Image>
    <Image Include="res\icons.bmp">
      <Filter>Resource Files</Filter>
    </Image>
    <Image Include="res\il_class.bmp">
      <Filter>Resource Files</Filter>
    </Image>
    <Image Include="res\il_file.bmp">
      <Filter>Resource Files</Filter>
    </Image>
    <Image Include="res\il_rsrc.bmp">
      <Filter>Resource Files</Filter>
    </Image>
    <Image Include="res\il_tab.bmp">
      <Filter>Resource Files</Filter>
    </Image>
    <Image Include="res\img_classtree.bmp">
      <Filter>Resource Files</Filter>
    </Image>
    <Image Include="res\img_filetree.bmp">
      <Filter>Resource Files</Filter>
    </Image>
    <Image Include="res\img_restree.bmp">
      <Filter>Resource Files</Filter>
    </Image>
    <Image Include="res\img_workspace.bmp">
      <Filter>Resource Files</Filter>
    </Image>
    <Image Include="res\ImgTab.bmp">
      <Filter>Resource Files</Filter>
    </Image>
    <Image Include="res\ImgView.bmp">
      <Filter>Resource Files</Filter>
    </Image>
    <Image Include="res\GUI_VisualStudio6.ico">
      <Filter>Resource Files</Filter>
    </Image>
    <Image Include="res\GUI_VisualStudio6Doc.ico">
      <Filter>Resource Files</Filter>
    </Image>
    <Image Include="res\gather_u.bmp">
      <Filter>Resource Files</Filter>
    </Image>
    <Image Include="res\lkup_dnd.bmp">
      <Filter>Resource Files</Filter>
    </Image>
    <Image Include="res\lkup_dnf.bmp">
      <Filter>Resource Files</Filter>
    </Image>
    <Image Include="res\lkup_dnu.bmp">
      <Filter>Resource Files</Filter>
    </Image>
    <Image Include="res\lkup_dnx.bmp">
      <Filter>Resource Files</Filter>
    </Image>
    <Image Include="res\lkup_upd.bmp">
      <Filter>Resource Files</Filter>
    </Image>
    <Image Include="res\lkup_upf.bmp">
      <Filter>Resource Files</Filter>
    </Image>
    <Image Include="res\lkup_upu.bmp">
      <Filter>Resource Files</Filter>
    </Image>
    <Image Include="res\lkup_upx.bmp">
      <Filter>Resource Files</Filter>
    </Image>
    <Image Include="res\output.bmp">
      <Filter>Resource Files</Filter>
    </Image>
    <Image Include="res\no_attrs.bmp">
      <Filter>Resource Files</Filter>
    </Image>
    <Image Include="res\minibuild.bmp">
      <Filter>Resource Files</Filter>
    </Image>
    <Image Include="res\mainfram.bmp">
      <Filter>Resource Files</Filter>
    </Image>
    <Image Include="res\knowledge.bmp">
      <Filter>Resource Files</Filter>
    </Image>
    <Image Include="res\tab_tool.bmp">
      <Filter>Resource Files</Filter>
    </Image>
    <Image Include="res\tear_upd.bmp">
      <Filter>Resource Files</Filter>
    </Image>
    <Image Include="res\tear_upf.bmp">
      <Filter>Resource Files</Filter>
    </Image>
    <Image Include="res\tear_upu.bmp">
      <Filter>Resource Files</Filter>
    </Image>
    <Image Include="res\tear_upx.bmp">
      <Filter>Resource Files</Filter>
    </Image>
    <Image Include="res\resource.bmp">
      <Filter>Resource Files</Filter>
    </Image>
    <Image Include="res\standard.bmp">
      <Filter>Resource Files</Filter>
    </Image>
    <Image Include="res\up.bmp">
      <Filter>Resource Files</Filter>
    </Image>
    <Image Include="res\upd.bmp">
      <Filter>Resource Files</Filter>
    </Image>
    <Image Include="res\upf.bmp">
      <Filter>Resource Files</Filter>
    </Image>
    <Image Include="res\upx.bmp">
      <Filter>Resource Files</Filter>
    </Image>
    <Image Include="res\url.bmp">
      <Filter>Resource Files</Filter>
    </Image>
    <Image Include="res\VisualText.ico">
      <Filter>Resource Files</Filter>
    </Image>
    <Image Include="res\VisualTextDoc.ico">
      <Filter>Resource Files</Filter>
    </Image>
    <Image Include="res\VTSplash.bmp">
      <Filter>Resource Files</Filter>
    </Image>
    <Image Include="res\wizard.bmp">
      <Filter>Resource Files</Filter>
    </Image>
    <Image Include="res\Toolbar.bmp">
      <Filter>Resource Files</Filter>
    </Image>
    <Image Include="res\toolbar1.bmp">
      <Filter>Resource Files</Filter>
    </Image>
    <Image Include="..\..\Users\Owner\Documents\TAI\Graphics\VTLogoNewSquare.bmp">
      <Filter>Resource Files</Filter>
    </Image>
  </ItemGroup>
  <ItemGroup>
    <None Include="Config\Schemas\_NLPpp.schclass">
      <Filter>Config\Schemas</Filter>
    </None>
    <None Include="Config\SyntaxEdit.ini">
      <Filter>Config</Filter>
    </None>
  </ItemGroup>
  <ItemGroup>
    <Filter Include="Header Files">
      <UniqueIdentifier>{8479b1f9-388d-4be8-aa66-40c8910f738f}</UniqueIdentifier>
    </Filter>
    <Filter Include="Source Files">
      <UniqueIdentifier>{00364087-2ee9-4ee8-96a4-901524668e63}</UniqueIdentifier>
    </Filter>
    <Filter Include="Resource Files">
      <UniqueIdentifier>{623dd895-5179-4a70-a493-17ce630b26a3}</UniqueIdentifier>
    </Filter>
    <Filter Include="Config">
      <UniqueIdentifier>{ba22b8c0-fa47-405e-9fb1-52f6f21d7765}</UniqueIdentifier>
    </Filter>
    <Filter Include="Config\Schemas">
      <UniqueIdentifier>{25e5c46a-cfd2-46dc-ab5a-819666d752bb}</UniqueIdentifier>
    </Filter>
    <Filter Include="Config\Themes">
      <UniqueIdentifier>{18503d3c-6e73-41a1-b9e9-5ba26a954b1e}</UniqueIdentifier>
    </Filter>
  </ItemGroup>
  <ItemGroup>
    <ResourceCompile Include="VisualText.rc" />
  </ItemGroup>
</Project>