<?xml version="1.0" encoding="utf-8"?>
<Project ToolsVersion="4.0" xmlns="http://schemas.microsoft.com/developer/msbuild/2003">
  <ItemGroup>
    <Filter Include="Source Files">
      <UniqueIdentifier>{b86de9e8-410f-4f7f-b57a-faa86133abe8}</UniqueIdentifier>
      <Extensions>cpp;c;cxx;rc;def;r;odl;idl;hpj;bat</Extensions>
    </Filter>
    <Filter Include="Ini Files">
      <UniqueIdentifier>{fcf86f4e-907c-44f1-8240-a0a6c7d82522}</UniqueIdentifier>
    </Filter>
    <Filter Include="Image Files">
      <UniqueIdentifier>{69dbf198-cf96-4e5f-a6c6-8f0f3828ead9}</UniqueIdentifier>
    </Filter>
  </ItemGroup>
  <ItemGroup>
    <ResourceCompile Include="Office2013.rc">
      <Filter>Source Files</Filter>
    </ResourceCompile>
  </ItemGroup>
  <ItemGroup>
    <None Include="Office2013Excel.ini">
      <Filter>Ini Files</Filter>
    </None>
    <None Include="Office2013GrayDark.ini">
      <Filter>Ini Files</Filter>
    </None>
    <None Include="Office2013GrayLight.ini">
      <Filter>Ini Files</Filter>
    </None>
    <None Include="Office2013White.ini">
      <Filter>Ini Files</Filter>
    </None>
    <None Include="Office2013Word.ini">
      <Filter>Ini Files</Filter>
    </None>
  </ItemGroup>
</Project>