<?xml version="1.0" encoding="utf-8"?>
<Project ToolsVersion="4.0" xmlns="http://schemas.microsoft.com/developer/msbuild/2003">
  <ItemGroup>
    <Filter Include="Source Files">
      <UniqueIdentifier>{de8a4bc9-2857-48cf-be77-09cdc140adb1}</UniqueIdentifier>
      <Extensions>cpp;c;cxx;rc;def;r;odl;idl;hpj;bat</Extensions>
    </Filter>
    <Filter Include="Ini Files">
      <UniqueIdentifier>{b19d556a-276b-46cd-a42b-4761463e801f}</UniqueIdentifier>
    </Filter>
    <Filter Include="Image Files">
      <UniqueIdentifier>{71cc3f3a-7fd1-4258-ae6a-9a17cb66fa40}</UniqueIdentifier>
    </Filter>
  </ItemGroup>
  <ItemGroup>
    <ResourceCompile Include="Office2013.rc">
      <Filter>Source Files</Filter>
    </ResourceCompile>
  </ItemGroup>
  <ItemGroup>
    <None Include="Office2013Excel.ini">
      <Filter>Ini Files</Filter>
    </None>
    <None Include="Office2013GrayDark.ini">
      <Filter>Ini Files</Filter>
    </None>
    <None Include="Office2013GrayLight.ini">
      <Filter>Ini Files</Filter>
    </None>
    <None Include="Office2013White.ini">
      <Filter>Ini Files</Filter>
    </None>
    <None Include="Office2013Word.ini">
      <Filter>Ini Files</Filter>
    </None>
  </ItemGroup>
</Project>